{
    "_meta": {
        "hash": {
            "sha256": "792e7e85fa9fac52b5f58d5e18f7a6bfc5a5c65c40732a11755d8de66edd774a"
        },
        "pipfile-spec": 6,
        "requires": {
            "python_version": "3.8"
        },
        "sources": [
            {
                "name": "pypi",
                "url": "https://pypi.org/simple",
                "verify_ssl": true
            }
        ]
    },
    "default": {
        "appdirs": {
            "hashes": [
                "sha256:7d5d0167b2b1ba821647616af46a749d1c653740dd0d2415100fe26e27afdf41",
                "sha256:a841dacd6b99318a741b166adb07e19ee71a274450e68237b4650ca1055ab128"
            ],
            "version": "==1.4.4"
        },
        "beautifulsoup4": {
            "hashes": [
                "sha256:58d5c3d29f5a36ffeb94f02f0d786cd53014cf9b3b3951d42e0080d8a9498d30",
                "sha256:ad9aa55b65ef2808eb405f46cf74df7fcb7044d5cbc26487f96eb2ef2e436693"
            ],
            "markers": "python_full_version >= '3.6.0'",
            "version": "==4.11.1"
        },
        "certifi": {
            "hashes": [
                "sha256:35824b4c3a97115964b408844d64aa14db1cc518f6562e8d7261699d1350a9e3",
                "sha256:4ad3232f5e926d6718ec31cfc1fcadfde020920e278684144551c91769c7bc18"
            ],
            "index": "pypi",
            "version": "==2022.12.7"
        },
        "charset-normalizer": {
            "hashes": [
                "sha256:5a3d016c7c547f69d6f81fb0db9449ce888b418b5b9952cc5e6e66843e9dd845",
                "sha256:83e9a75d1911279afd89352c68b45348559d1fc0506b054b346651b5e7fee29f"
            ],
            "markers": "python_full_version >= '3.6.0'",
            "version": "==2.1.1"
        },
        "colorama": {
            "hashes": [
                "sha256:08695f5cb7ed6e0531a20572697297273c47b8cae5a63ffc6d6ed5c201be6e44",
                "sha256:4f1d9991f5acc0ca119f9d443620b77f9d6b33703e51011c16baf57afb285fc6"
            ],
            "markers": "python_version >= '2.7' and python_version not in '3.0, 3.1, 3.2, 3.3, 3.4, 3.5, 3.6'",
            "version": "==0.4.6"
        },
        "fasteners": {
            "hashes": [
                "sha256:1d4caf5f8db57b0e4107d94fd5a1d02510a450dced6ca77d1839064c1bacf20c",
                "sha256:cb7c13ef91e0c7e4fe4af38ecaf6b904ec3f5ce0dda06d34924b6b74b869d953"
            ],
            "markers": "python_full_version >= '3.6.0'",
            "version": "==0.18"
        },
        "future": {
            "hashes": [
                "sha256:b1bead90b70cf6ec3f0710ae53a525360fa360d306a86583adc6bf83a4db537d"
            ],
            "markers": "python_version >= '2.6' and python_version not in '3.0, 3.1, 3.2, 3.3'",
            "version": "==0.18.2"
        },
        "idna": {
            "hashes": [
                "sha256:814f528e8dead7d329833b91c5faa87d60bf71824cd12a7530b5526063d02cb4",
                "sha256:90b77e79eaa3eba6de819a0c442c0b4ceefc341a7a2ab77d7562bf49f425c5c2"
            ],
            "markers": "python_version >= '3.5'",
            "version": "==3.4"
        },
        "intelhex": {
            "hashes": [
                "sha256:87cc5225657524ec6361354be928adfd56bcf2a3dcc646c40f8f094c39c07db4",
                "sha256:892b7361a719f4945237da8ccf754e9513db32f5628852785aea108dcd250093"
            ],
            "version": "==2.3.0"
        },
        "junit-xml": {
            "hashes": [
                "sha256:ec5ca1a55aefdd76d28fcc0b135251d156c7106fa979686a4b48d62b761b4732"
            ],
            "version": "==1.9"
        },
        "lockfile": {
            "hashes": [
                "sha256:6aed02de03cba24efabcd600b30540140634fc06cfa603822d508d5361e9f799",
                "sha256:6c3cb24f344923d30b2785d5ad75182c8ea7ac1b6171b08657258ec7429d50fa"
            ],
            "version": "==0.12.2"
        },
        "mbed-cli": {
            "hashes": [
                "sha256:36dd5496fc5cdc992d5524360bc48c61290e0470f7565e048823a0eef5ca4634",
                "sha256:42801a3742fbe9f66107cf9caeb2ffb1a04a50e76aff902a0b88feebff09ae3e"
            ],
            "index": "pypi",
            "version": "==1.10.2"
        },
        "mbed-os-tools": {
            "hashes": [
                "sha256:350c7b913aa37c5019aa2b6fc229bec081212b6592b8d7a4a571fd4cace610e6"
            ],
            "markers": "python_version not in '3.0, 3.1, 3.2, 3.3, 3.4' and python_version < '4' and python_full_version >= '2.7.10'",
            "version": "==0.0.15"
        },
        "mercurial": {
            "hashes": [
                "sha256:225d6f511f7ac3232dabee790a5d14050a7ea89582175c177926ddf606c6aea7",
                "sha256:44db9c3d36bad8560134a1bb992b2351989217f61cbc46d30c9191f9d431bab1",
                "sha256:53c9b96598e7c3559697ac11e79481031a0512cbbe75c9df4bf4e3d1a19d95d4",
                "sha256:6c39ab8732948d89cf1208751dd7d85d4042aa82153977451b9eb13367585072",
                "sha256:6ce511245548ba529938f1d44422b5d866323127d4fc3ca142b0e2499277771f",
                "sha256:7a8f48485f4752f329f36d2fcdc9684ae253974dfe853a0ae0e7b7a23ad6d565",
                "sha256:8816e32cc0d25ce911160b9f4505df0206f8ed46c6aa33e4c7a0b4966f82970d",
                "sha256:91250d490ee97223afe30ce2b058bd46cb3e32d90d8dd2a8003bd460ce36d1e8",
                "sha256:96e8428b5e166d77719d8078333d90c8d10562447b545933f9bf600205399a9a"
            ],
            "version": "==6.3.1"
        },
        "prettytable": {
            "hashes": [
                "sha256:52f682ba4efe29dccb38ff0fe5bac8a23007d0780ff92a8b85af64bc4fc74d72",
                "sha256:fe391c3b545800028edf5dbb6a5360893feb398367fcc1cf8d7a5b29ce5c59a1"
            ],
            "markers": "python_version >= '3.7'",
            "version": "==3.5.0"
        },
        "pyserial": {
            "hashes": [
                "sha256:3c77e014170dfffbd816e6ffc205e9842efb10be9f58ec16d3e8675b4925cddb",
                "sha256:c4451db6ba391ca6ca299fb3ec7bae67a5c55dde170964c7a14ceefec02f2cf0"
            ],
            "version": "==3.5"
        },
        "requests": {
            "hashes": [
                "sha256:7c5599b102feddaa661c826c56ab4fee28bfd17f5abca1ebbe3e7f19d7c97983",
                "sha256:8fefa2a1a1365bf5520aac41836fbee479da67864514bdb821f31ce07ce65349"
            ],
            "markers": "python_version >= '3.7' and python_version < '4'",
            "version": "==2.28.1"
        },
        "six": {
            "hashes": [
                "sha256:1e61c37477a1626458e36f7b1d82aa5c9b094fa4802892072e49de9c60c4c926",
                "sha256:8abb2f1d86890a2dfb989f9a77cfcfd3e47c2a354b01111771326f8aa26e0254"
            ],
            "markers": "python_version >= '2.7' and python_version not in '3.0, 3.1, 3.2, 3.3'",
            "version": "==1.16.0"
        },
        "soupsieve": {
            "hashes": [
                "sha256:3b2503d3c7084a42b1ebd08116e5f81aadfaea95863628c80a3b774a11b7c759",
                "sha256:fc53893b3da2c33de295667a0e19f078c14bf86544af307354de5fcf12a3f30d"
            ],
            "markers": "python_full_version >= '3.6.0'",
            "version": "==2.3.2.post1"
        },
        "urllib3": {
            "hashes": [
                "sha256:47cc05d99aaa09c9e72ed5809b60e7ba354e64b59c9c173ac3018642d8bb41fc",
                "sha256:c083dd0dce68dbfbe1129d5271cb90f9447dea7d52097c6e0126120c521ddea8"
            ],
            "markers": "python_version >= '2.7' and python_version not in '3.0, 3.1, 3.2, 3.3, 3.4, 3.5'",
            "version": "==1.26.13"
        },
        "wcwidth": {
            "hashes": [
                "sha256:beb4802a9cebb9144e99086eff703a642a13d6a0052920003a230f3294bbe784",
                "sha256:c4d647b99872929fdb7bdcaa4fbe7f01413ed3d98077df798530e5b04f116c83"
            ],
            "version": "==0.2.5"
        }
    },
    "develop": {}
}
